{"filter":false,"title":"composer.lock","tooltip":"/cms/routes/composer.lock","undoManager":{"mark":-1,"position":-1,"stack":[]},"ace":{"folds":[],"scrolltop":14979.5,"scrollleft":0,"selection":{"start":{"row":941,"column":21},"end":{"row":941,"column":27},"isBackwards":false},"options":{"guessTabSize":true,"useWrapMode":false,"wrapToView":true},"firstLineState":{"row":935,"state":"start","mode":"ace/mode/json"}},"timestamp":1631212441343,"hash":"4e0b27f03a0acaa8edbbc052da25f108f45507d3"}